
Microsoft Visual Studio Solution File, Format Version 12.00
# Visual Studio Version 17
VisualStudioVersion = 17.9.34622.214
MinimumVisualStudioVersion = 10.0.40219.1
Project("{FAE04EC0-301F-11D3-BF4B-00C04F79EFBC}") = "OOP4Belovol", "OOP4Belovol\OOP4Belovol.csproj", "{DB8C8D7C-6291-47EE-B182-9D2500D98914}"
EndProject
Global
	GlobalSection(SolutionConfigurationPlatforms) = preSolution
		Debug|Any CPU = Debug|Any CPU
		Release|Any CPU = Release|Any CPU
	EndGlobalSection
	GlobalSection(ProjectConfigurationPlatforms) = postSolution
		{DB8C8D7C-6291-47EE-B182-9D2500D98914}.Debug|Any CPU.ActiveCfg = Debug|Any CPU
		{DB8C8D7C-6291-47EE-B182-9D2500D98914}.Debug|Any CPU.Build.0 = Debug|Any CPU
		{DB8C8D7C-6291-47EE-B182-9D2500D98914}.Release|Any CPU.ActiveCfg = Release|Any CPU
		{DB8C8D7C-6291-47EE-B182-9D2500D98914}.Release|Any CPU.Build.0 = Release|Any CPU
	EndGlobalSection
	GlobalSection(SolutionProperties) = preSolution
		HideSolutionNode = FALSE
	EndGlobalSection
	GlobalSection(ExtensibilityGlobals) = postSolution
		SolutionGuid = {A8018B27-318F-4C72-B17F-4D2CB6386338}
	EndGlobalSection
EndGlobal
